
Microsoft Visual Studio Solution File, Format Version 12.00
# Visual Studio 15
VisualStudioVersion = 15.0.26403.3
MinimumVisualStudioVersion = 10.0.40219.1
Project("{FAE04EC0-301F-11D3-BF4B-00C04F79EFBC}") = "PrismFormsAutofac", "PrismFormsAutofac\PrismFormsAutofac\PrismFormsAutofac.csproj", "{D315290B-9BA6-4916-B4DB-E05CFCBD50C9}"
EndProject
Project("{FAE04EC0-301F-11D3-BF4B-00C04F79EFBC}") = "PrismFormsAutofac.Droid", "PrismFormsAutofac\PrismFormsAutofac.Droid\PrismFormsAutofac.Droid.csproj", "{1718BF57-3C22-497B-B824-F646EB18D21E}"
EndProject
Project("{FAE04EC0-301F-11D3-BF4B-00C04F79EFBC}") = "PrismFormsAutofac.iOS", "PrismFormsAutofac\PrismFormsAutofac.iOS\PrismFormsAutofac.iOS.csproj", "{C4A0EC85-1A8C-4B0F-A760-11B1465F37B7}"
EndProject
Project("{FAE04EC0-301F-11D3-BF4B-00C04F79EFBC}") = "PrismFormsAutofac.UWP", "PrismFormsAutofac\PrismFormsAutofac.UWP\PrismFormsAutofac.UWP.csproj", "{944DA23F-05BA-4516-AD4E-68111EB24473}"
EndProject
Global
	GlobalSection(SolutionConfigurationPlatforms) = preSolution
		Ad-Hoc|Any CPU = Ad-Hoc|Any CPU
		Ad-Hoc|ARM = Ad-Hoc|ARM
		Ad-Hoc|iPhone = Ad-Hoc|iPhone
		Ad-Hoc|iPhoneSimulator = Ad-Hoc|iPhoneSimulator
		Ad-Hoc|x64 = Ad-Hoc|x64
		Ad-Hoc|x86 = Ad-Hoc|x86
		AppStore|Any CPU = AppStore|Any CPU
		AppStore|ARM = AppStore|ARM
		AppStore|iPhone = AppStore|iPhone
		AppStore|iPhoneSimulator = AppStore|iPhoneSimulator
		AppStore|x64 = AppStore|x64
		AppStore|x86 = AppStore|x86
		Debug|Any CPU = Debug|Any CPU
		Debug|ARM = Debug|ARM
		Debug|iPhone = Debug|iPhone
		Debug|iPhoneSimulator = Debug|iPhoneSimulator
		Debug|x64 = Debug|x64
		Debug|x86 = Debug|x86
		Release|Any CPU = Release|Any CPU
		Release|ARM = Release|ARM
		Release|iPhone = Release|iPhone
		Release|iPhoneSimulator = Release|iPhoneSimulator
		Release|x64 = Release|x64
		Release|x86 = Release|x86
	EndGlobalSection
	GlobalSection(ProjectConfigurationPlatforms) = postSolution
		{D315290B-9BA6-4916-B4DB-E05CFCBD50C9}.Ad-Hoc|Any CPU.ActiveCfg = Release|Any CPU
		{D315290B-9BA6-4916-B4DB-E05CFCBD50C9}.Ad-Hoc|Any CPU.Build.0 = Release|Any CPU
		{D315290B-9BA6-4916-B4DB-E05CFCBD50C9}.Ad-Hoc|ARM.ActiveCfg = Release|Any CPU
		{D315290B-9BA6-4916-B4DB-E05CFCBD50C9}.Ad-Hoc|ARM.Build.0 = Release|Any CPU
		{D315290B-9BA6-4916-B4DB-E05CFCBD50C9}.Ad-Hoc|iPhone.ActiveCfg = Release|Any CPU
		{D315290B-9BA6-4916-B4DB-E05CFCBD50C9}.Ad-Hoc|iPhone.Build.0 = Release|Any CPU
		{D315290B-9BA6-4916-B4DB-E05CFCBD50C9}.Ad-Hoc|iPhoneSimulator.ActiveCfg = Release|Any CPU
		{D315290B-9BA6-4916-B4DB-E05CFCBD50C9}.Ad-Hoc|iPhoneSimulator.Build.0 = Release|Any CPU
		{D315290B-9BA6-4916-B4DB-E05CFCBD50C9}.Ad-Hoc|x64.ActiveCfg = Release|Any CPU
		{D315290B-9BA6-4916-B4DB-E05CFCBD50C9}.Ad-Hoc|x64.Build.0 = Release|Any CPU
		{D315290B-9BA6-4916-B4DB-E05CFCBD50C9}.Ad-Hoc|x86.ActiveCfg = Release|Any CPU
		{D315290B-9BA6-4916-B4DB-E05CFCBD50C9}.Ad-Hoc|x86.Build.0 = Release|Any CPU
		{D315290B-9BA6-4916-B4DB-E05CFCBD50C9}.AppStore|Any CPU.ActiveCfg = Release|Any CPU
		{D315290B-9BA6-4916-B4DB-E05CFCBD50C9}.AppStore|Any CPU.Build.0 = Release|Any CPU
		{D315290B-9BA6-4916-B4DB-E05CFCBD50C9}.AppStore|ARM.ActiveCfg = Release|Any CPU
		{D315290B-9BA6-4916-B4DB-E05CFCBD50C9}.AppStore|ARM.Build.0 = Release|Any CPU
		{D315290B-9BA6-4916-B4DB-E05CFCBD50C9}.AppStore|iPhone.ActiveCfg = Release|Any CPU
		{D315290B-9BA6-4916-B4DB-E05CFCBD50C9}.AppStore|iPhone.Build.0 = Release|Any CPU
		{D315290B-9BA6-4916-B4DB-E05CFCBD50C9}.AppStore|iPhoneSimulator.ActiveCfg = Release|Any CPU
		{D315290B-9BA6-4916-B4DB-E05CFCBD50C9}.AppStore|iPhoneSimulator.Build.0 = Release|Any CPU
		{D315290B-9BA6-4916-B4DB-E05CFCBD50C9}.AppStore|x64.ActiveCfg = Release|Any CPU
		{D315290B-9BA6-4916-B4DB-E05CFCBD50C9}.AppStore|x64.Build.0 = Release|Any CPU
		{D315290B-9BA6-4916-B4DB-E05CFCBD50C9}.AppStore|x86.ActiveCfg = Release|Any CPU
		{D315290B-9BA6-4916-B4DB-E05CFCBD50C9}.AppStore|x86.Build.0 = Release|Any CPU
		{D315290B-9BA6-4916-B4DB-E05CFCBD50C9}.Debug|Any CPU.ActiveCfg = Debug|Any CPU
		{D315290B-9BA6-4916-B4DB-E05CFCBD50C9}.Debug|Any CPU.Build.0 = Debug|Any CPU
		{D315290B-9BA6-4916-B4DB-E05CFCBD50C9}.Debug|ARM.ActiveCfg = Debug|Any CPU
		{D315290B-9BA6-4916-B4DB-E05CFCBD50C9}.Debug|ARM.Build.0 = Debug|Any CPU
		{D315290B-9BA6-4916-B4DB-E05CFCBD50C9}.Debug|iPhone.ActiveCfg = Debug|Any CPU
		{D315290B-9BA6-4916-B4DB-E05CFCBD50C9}.Debug|iPhone.Build.0 = Debug|Any CPU
		{D315290B-9BA6-4916-B4DB-E05CFCBD50C9}.Debug|iPhoneSimulator.ActiveCfg = Debug|Any CPU
		{D315290B-9BA6-4916-B4DB-E05CFCBD50C9}.Debug|iPhoneSimulator.Build.0 = Debug|Any CPU
		{D315290B-9BA6-4916-B4DB-E05CFCBD50C9}.Debug|x64.ActiveCfg = Debug|Any CPU
		{D315290B-9BA6-4916-B4DB-E05CFCBD50C9}.Debug|x64.Build.0 = Debug|Any CPU
		{D315290B-9BA6-4916-B4DB-E05CFCBD50C9}.Debug|x86.ActiveCfg = Debug|Any CPU
		{D315290B-9BA6-4916-B4DB-E05CFCBD50C9}.Debug|x86.Build.0 = Debug|Any CPU
		{D315290B-9BA6-4916-B4DB-E05CFCBD50C9}.Release|Any CPU.ActiveCfg = Release|Any CPU
		{D315290B-9BA6-4916-B4DB-E05CFCBD50C9}.Release|Any CPU.Build.0 = Release|Any CPU
		{D315290B-9BA6-4916-B4DB-E05CFCBD50C9}.Release|ARM.ActiveCfg = Release|Any CPU
		{D315290B-9BA6-4916-B4DB-E05CFCBD50C9}.Release|ARM.Build.0 = Release|Any CPU
		{D315290B-9BA6-4916-B4DB-E05CFCBD50C9}.Release|iPhone.ActiveCfg = Release|Any CPU
		{D315290B-9BA6-4916-B4DB-E05CFCBD50C9}.Release|iPhone.Build.0 = Release|Any CPU
		{D315290B-9BA6-4916-B4DB-E05CFCBD50C9}.Release|iPhoneSimulator.ActiveCfg = Release|Any CPU
		{D315290B-9BA6-4916-B4DB-E05CFCBD50C9}.Release|iPhoneSimulator.Build.0 = Release|Any CPU
		{D315290B-9BA6-4916-B4DB-E05CFCBD50C9}.Release|x64.ActiveCfg = Release|Any CPU
		{D315290B-9BA6-4916-B4DB-E05CFCBD50C9}.Release|x64.Build.0 = Release|Any CPU
		{D315290B-9BA6-4916-B4DB-E05CFCBD50C9}.Release|x86.ActiveCfg = Release|Any CPU
		{D315290B-9BA6-4916-B4DB-E05CFCBD50C9}.Release|x86.Build.0 = Release|Any CPU
		{1718BF57-3C22-497B-B824-F646EB18D21E}.Ad-Hoc|Any CPU.ActiveCfg = Release|Any CPU
		{1718BF57-3C22-497B-B824-F646EB18D21E}.Ad-Hoc|Any CPU.Build.0 = Release|Any CPU
		{1718BF57-3C22-497B-B824-F646EB18D21E}.Ad-Hoc|Any CPU.Deploy.0 = Release|Any CPU
		{1718BF57-3C22-497B-B824-F646EB18D21E}.Ad-Hoc|ARM.ActiveCfg = Release|Any CPU
		{1718BF57-3C22-497B-B824-F646EB18D21E}.Ad-Hoc|ARM.Build.0 = Release|Any CPU
		{1718BF57-3C22-497B-B824-F646EB18D21E}.Ad-Hoc|ARM.Deploy.0 = Release|Any CPU
		{1718BF57-3C22-497B-B824-F646EB18D21E}.Ad-Hoc|iPhone.ActiveCfg = Release|Any CPU
		{1718BF57-3C22-497B-B824-F646EB18D21E}.Ad-Hoc|iPhone.Build.0 = Release|Any CPU
		{1718BF57-3C22-497B-B824-F646EB18D21E}.Ad-Hoc|iPhone.Deploy.0 = Release|Any CPU
		{1718BF57-3C22-497B-B824-F646EB18D21E}.Ad-Hoc|iPhoneSimulator.ActiveCfg = Release|Any CPU
		{1718BF57-3C22-497B-B824-F646EB18D21E}.Ad-Hoc|iPhoneSimulator.Build.0 = Release|Any CPU
		{1718BF57-3C22-497B-B824-F646EB18D21E}.Ad-Hoc|iPhoneSimulator.Deploy.0 = Release|Any CPU
		{1718BF57-3C22-497B-B824-F646EB18D21E}.Ad-Hoc|x64.ActiveCfg = Release|Any CPU
		{1718BF57-3C22-497B-B824-F646EB18D21E}.Ad-Hoc|x64.Build.0 = Release|Any CPU
		{1718BF57-3C22-497B-B824-F646EB18D21E}.Ad-Hoc|x64.Deploy.0 = Release|Any CPU
		{1718BF57-3C22-497B-B824-F646EB18D21E}.Ad-Hoc|x86.ActiveCfg = Release|Any CPU
		{1718BF57-3C22-497B-B824-F646EB18D21E}.Ad-Hoc|x86.Build.0 = Release|Any CPU
		{1718BF57-3C22-497B-B824-F646EB18D21E}.Ad-Hoc|x86.Deploy.0 = Release|Any CPU
		{1718BF57-3C22-497B-B824-F646EB18D21E}.AppStore|Any CPU.ActiveCfg = Release|Any CPU
		{1718BF57-3C22-497B-B824-F646EB18D21E}.AppStore|Any CPU.Build.0 = Release|Any CPU
		{1718BF57-3C22-497B-B824-F646EB18D21E}.AppStore|Any CPU.Deploy.0 = Release|Any CPU
		{1718BF57-3C22-497B-B824-F646EB18D21E}.AppStore|ARM.ActiveCfg = Release|Any CPU
		{1718BF57-3C22-497B-B824-F646EB18D21E}.AppStore|ARM.Build.0 = Release|Any CPU
		{1718BF57-3C22-497B-B824-F646EB18D21E}.AppStore|ARM.Deploy.0 = Release|Any CPU
		{1718BF57-3C22-497B-B824-F646EB18D21E}.AppStore|iPhone.ActiveCfg = Release|Any CPU
		{1718BF57-3C22-497B-B824-F646EB18D21E}.AppStore|iPhone.Build.0 = Release|Any CPU
		{1718BF57-3C22-497B-B824-F646EB18D21E}.AppStore|iPhone.Deploy.0 = Release|Any CPU
		{1718BF57-3C22-497B-B824-F646EB18D21E}.AppStore|iPhoneSimulator.ActiveCfg = Release|Any CPU
		{1718BF57-3C22-497B-B824-F646EB18D21E}.AppStore|iPhoneSimulator.Build.0 = Release|Any CPU
		{1718BF57-3C22-497B-B824-F646EB18D21E}.AppStore|iPhoneSimulator.Deploy.0 = Release|Any CPU
		{1718BF57-3C22-497B-B824-F646EB18D21E}.AppStore|x64.ActiveCfg = Release|Any CPU
		{1718BF57-3C22-497B-B824-F646EB18D21E}.AppStore|x64.Build.0 = Release|Any CPU
		{1718BF57-3C22-497B-B824-F646EB18D21E}.AppStore|x64.Deploy.0 = Release|Any CPU
		{1718BF57-3C22-497B-B824-F646EB18D21E}.AppStore|x86.ActiveCfg = Release|Any CPU
		{1718BF57-3C22-497B-B824-F646EB18D21E}.AppStore|x86.Build.0 = Release|Any CPU
		{1718BF57-3C22-497B-B824-F646EB18D21E}.AppStore|x86.Deploy.0 = Release|Any CPU
		{1718BF57-3C22-497B-B824-F646EB18D21E}.Debug|Any CPU.ActiveCfg = Debug|Any CPU
		{1718BF57-3C22-497B-B824-F646EB18D21E}.Debug|Any CPU.Build.0 = Debug|Any CPU
		{1718BF57-3C22-497B-B824-F646EB18D21E}.Debug|Any CPU.Deploy.0 = Debug|Any CPU
		{1718BF57-3C22-497B-B824-F646EB18D21E}.Debug|ARM.ActiveCfg = Debug|Any CPU
		{1718BF57-3C22-497B-B824-F646EB18D21E}.Debug|ARM.Build.0 = Debug|Any CPU
		{1718BF57-3C22-497B-B824-F646EB18D21E}.Debug|ARM.Deploy.0 = Debug|Any CPU
		{1718BF57-3C22-497B-B824-F646EB18D21E}.Debug|iPhone.ActiveCfg = Debug|Any CPU
		{1718BF57-3C22-497B-B824-F646EB18D21E}.Debug|iPhone.Build.0 = Debug|Any CPU
		{1718BF57-3C22-497B-B824-F646EB18D21E}.Debug|iPhone.Deploy.0 = Debug|Any CPU
		{1718BF57-3C22-497B-B824-F646EB18D21E}.Debug|iPhoneSimulator.ActiveCfg = Debug|Any CPU
		{1718BF57-3C22-497B-B824-F646EB18D21E}.Debug|iPhoneSimulator.Build.0 = Debug|Any CPU
		{1718BF57-3C22-497B-B824-F646EB18D21E}.Debug|iPhoneSimulator.Deploy.0 = Debug|Any CPU
		{1718BF57-3C22-497B-B824-F646EB18D21E}.Debug|x64.ActiveCfg = Debug|Any CPU
		{1718BF57-3C22-497B-B824-F646EB18D21E}.Debug|x64.Build.0 = Debug|Any CPU
		{1718BF57-3C22-497B-B824-F646EB18D21E}.Debug|x64.Deploy.0 = Debug|Any CPU
		{1718BF57-3C22-497B-B824-F646EB18D21E}.Debug|x86.ActiveCfg = Debug|Any CPU
		{1718BF57-3C22-497B-B824-F646EB18D21E}.Debug|x86.Build.0 = Debug|Any CPU
		{1718BF57-3C22-497B-B824-F646EB18D21E}.Debug|x86.Deploy.0 = Debug|Any CPU
		{1718BF57-3C22-497B-B824-F646EB18D21E}.Release|Any CPU.ActiveCfg = Release|Any CPU
		{1718BF57-3C22-497B-B824-F646EB18D21E}.Release|Any CPU.Build.0 = Release|Any CPU
		{1718BF57-3C22-497B-B824-F646EB18D21E}.Release|Any CPU.Deploy.0 = Release|Any CPU
		{1718BF57-3C22-497B-B824-F646EB18D21E}.Release|ARM.ActiveCfg = Release|Any CPU
		{1718BF57-3C22-497B-B824-F646EB18D21E}.Release|ARM.Build.0 = Release|Any CPU
		{1718BF57-3C22-497B-B824-F646EB18D21E}.Release|ARM.Deploy.0 = Release|Any CPU
		{1718BF57-3C22-497B-B824-F646EB18D21E}.Release|iPhone.ActiveCfg = Release|Any CPU
		{1718BF57-3C22-497B-B824-F646EB18D21E}.Release|iPhone.Build.0 = Release|Any CPU
		{1718BF57-3C22-497B-B824-F646EB18D21E}.Release|iPhone.Deploy.0 = Release|Any CPU
		{1718BF57-3C22-497B-B824-F646EB18D21E}.Release|iPhoneSimulator.ActiveCfg = Release|Any CPU
		{1718BF57-3C22-497B-B824-F646EB18D21E}.Release|iPhoneSimulator.Build.0 = Release|Any CPU
		{1718BF57-3C22-497B-B824-F646EB18D21E}.Release|iPhoneSimulator.Deploy.0 = Release|Any CPU
		{1718BF57-3C22-497B-B824-F646EB18D21E}.Release|x64.ActiveCfg = Release|Any CPU
		{1718BF57-3C22-497B-B824-F646EB18D21E}.Release|x64.Build.0 = Release|Any CPU
		{1718BF57-3C22-497B-B824-F646EB18D21E}.Release|x64.Deploy.0 = Release|Any CPU
		{1718BF57-3C22-497B-B824-F646EB18D21E}.Release|x86.ActiveCfg = Release|Any CPU
		{1718BF57-3C22-497B-B824-F646EB18D21E}.Release|x86.Build.0 = Release|Any CPU
		{1718BF57-3C22-497B-B824-F646EB18D21E}.Release|x86.Deploy.0 = Release|Any CPU
		{C4A0EC85-1A8C-4B0F-A760-11B1465F37B7}.Ad-Hoc|Any CPU.ActiveCfg = Ad-Hoc|iPhone
		{C4A0EC85-1A8C-4B0F-A760-11B1465F37B7}.Ad-Hoc|ARM.ActiveCfg = Ad-Hoc|iPhone
		{C4A0EC85-1A8C-4B0F-A760-11B1465F37B7}.Ad-Hoc|iPhone.ActiveCfg = Ad-Hoc|iPhone
		{C4A0EC85-1A8C-4B0F-A760-11B1465F37B7}.Ad-Hoc|iPhone.Build.0 = Ad-Hoc|iPhone
		{C4A0EC85-1A8C-4B0F-A760-11B1465F37B7}.Ad-Hoc|iPhoneSimulator.ActiveCfg = Ad-Hoc|iPhoneSimulator
		{C4A0EC85-1A8C-4B0F-A760-11B1465F37B7}.Ad-Hoc|iPhoneSimulator.Build.0 = Ad-Hoc|iPhoneSimulator
		{C4A0EC85-1A8C-4B0F-A760-11B1465F37B7}.Ad-Hoc|x64.ActiveCfg = Ad-Hoc|iPhone
		{C4A0EC85-1A8C-4B0F-A760-11B1465F37B7}.Ad-Hoc|x86.ActiveCfg = Ad-Hoc|iPhone
		{C4A0EC85-1A8C-4B0F-A760-11B1465F37B7}.AppStore|Any CPU.ActiveCfg = AppStore|iPhone
		{C4A0EC85-1A8C-4B0F-A760-11B1465F37B7}.AppStore|ARM.ActiveCfg = AppStore|iPhone
		{C4A0EC85-1A8C-4B0F-A760-11B1465F37B7}.AppStore|iPhone.ActiveCfg = AppStore|iPhone
		{C4A0EC85-1A8C-4B0F-A760-11B1465F37B7}.AppStore|iPhone.Build.0 = AppStore|iPhone
		{C4A0EC85-1A8C-4B0F-A760-11B1465F37B7}.AppStore|iPhoneSimulator.ActiveCfg = AppStore|iPhoneSimulator
		{C4A0EC85-1A8C-4B0F-A760-11B1465F37B7}.AppStore|iPhoneSimulator.Build.0 = AppStore|iPhoneSimulator
		{C4A0EC85-1A8C-4B0F-A760-11B1465F37B7}.AppStore|x64.ActiveCfg = AppStore|iPhone
		{C4A0EC85-1A8C-4B0F-A760-11B1465F37B7}.AppStore|x86.ActiveCfg = AppStore|iPhone
		{C4A0EC85-1A8C-4B0F-A760-11B1465F37B7}.Debug|Any CPU.ActiveCfg = Debug|iPhone
		{C4A0EC85-1A8C-4B0F-A760-11B1465F37B7}.Debug|ARM.ActiveCfg = Debug|iPhone
		{C4A0EC85-1A8C-4B0F-A760-11B1465F37B7}.Debug|iPhone.ActiveCfg = Debug|iPhone
		{C4A0EC85-1A8C-4B0F-A760-11B1465F37B7}.Debug|iPhone.Build.0 = Debug|iPhone
		{C4A0EC85-1A8C-4B0F-A760-11B1465F37B7}.Debug|iPhoneSimulator.ActiveCfg = Debug|iPhoneSimulator
		{C4A0EC85-1A8C-4B0F-A760-11B1465F37B7}.Debug|iPhoneSimulator.Build.0 = Debug|iPhoneSimulator
		{C4A0EC85-1A8C-4B0F-A760-11B1465F37B7}.Debug|x64.ActiveCfg = Debug|iPhone
		{C4A0EC85-1A8C-4B0F-A760-11B1465F37B7}.Debug|x86.ActiveCfg = Debug|iPhone
		{C4A0EC85-1A8C-4B0F-A760-11B1465F37B7}.Release|Any CPU.ActiveCfg = Release|iPhone
		{C4A0EC85-1A8C-4B0F-A760-11B1465F37B7}.Release|ARM.ActiveCfg = Release|iPhone
		{C4A0EC85-1A8C-4B0F-A760-11B1465F37B7}.Release|iPhone.ActiveCfg = Release|iPhone
		{C4A0EC85-1A8C-4B0F-A760-11B1465F37B7}.Release|iPhone.Build.0 = Release|iPhone
		{C4A0EC85-1A8C-4B0F-A760-11B1465F37B7}.Release|iPhoneSimulator.ActiveCfg = Release|iPhoneSimulator
		{C4A0EC85-1A8C-4B0F-A760-11B1465F37B7}.Release|iPhoneSimulator.Build.0 = Release|iPhoneSimulator
		{C4A0EC85-1A8C-4B0F-A760-11B1465F37B7}.Release|x64.ActiveCfg = Release|iPhone
		{C4A0EC85-1A8C-4B0F-A760-11B1465F37B7}.Release|x86.ActiveCfg = Release|iPhone
		{944DA23F-05BA-4516-AD4E-68111EB24473}.Ad-Hoc|Any CPU.ActiveCfg = Release|x86
		{944DA23F-05BA-4516-AD4E-68111EB24473}.Ad-Hoc|Any CPU.Build.0 = Release|x86
		{944DA23F-05BA-4516-AD4E-68111EB24473}.Ad-Hoc|Any CPU.Deploy.0 = Release|x86
		{944DA23F-05BA-4516-AD4E-68111EB24473}.Ad-Hoc|ARM.ActiveCfg = Release|ARM
		{944DA23F-05BA-4516-AD4E-68111EB24473}.Ad-Hoc|ARM.Build.0 = Release|ARM
		{944DA23F-05BA-4516-AD4E-68111EB24473}.Ad-Hoc|ARM.Deploy.0 = Release|ARM
		{944DA23F-05BA-4516-AD4E-68111EB24473}.Ad-Hoc|iPhone.ActiveCfg = Release|x86
		{944DA23F-05BA-4516-AD4E-68111EB24473}.Ad-Hoc|iPhone.Build.0 = Release|x86
		{944DA23F-05BA-4516-AD4E-68111EB24473}.Ad-Hoc|iPhone.Deploy.0 = Release|x86
		{944DA23F-05BA-4516-AD4E-68111EB24473}.Ad-Hoc|iPhoneSimulator.ActiveCfg = Release|x86
		{944DA23F-05BA-4516-AD4E-68111EB24473}.Ad-Hoc|iPhoneSimulator.Build.0 = Release|x86
		{944DA23F-05BA-4516-AD4E-68111EB24473}.Ad-Hoc|iPhoneSimulator.Deploy.0 = Release|x86
		{944DA23F-05BA-4516-AD4E-68111EB24473}.Ad-Hoc|x64.ActiveCfg = Release|x64
		{944DA23F-05BA-4516-AD4E-68111EB24473}.Ad-Hoc|x64.Build.0 = Release|x64
		{944DA23F-05BA-4516-AD4E-68111EB24473}.Ad-Hoc|x64.Deploy.0 = Release|x64
		{944DA23F-05BA-4516-AD4E-68111EB24473}.Ad-Hoc|x86.ActiveCfg = Release|x86
		{944DA23F-05BA-4516-AD4E-68111EB24473}.Ad-Hoc|x86.Build.0 = Release|x86
		{944DA23F-05BA-4516-AD4E-68111EB24473}.Ad-Hoc|x86.Deploy.0 = Release|x86
		{944DA23F-05BA-4516-AD4E-68111EB24473}.AppStore|Any CPU.ActiveCfg = Release|x86
		{944DA23F-05BA-4516-AD4E-68111EB24473}.AppStore|Any CPU.Build.0 = Release|x86
		{944DA23F-05BA-4516-AD4E-68111EB24473}.AppStore|Any CPU.Deploy.0 = Release|x86
		{944DA23F-05BA-4516-AD4E-68111EB24473}.AppStore|ARM.ActiveCfg = Release|ARM
		{944DA23F-05BA-4516-AD4E-68111EB24473}.AppStore|ARM.Build.0 = Release|ARM
		{944DA23F-05BA-4516-AD4E-68111EB24473}.AppStore|ARM.Deploy.0 = Release|ARM
		{944DA23F-05BA-4516-AD4E-68111EB24473}.AppStore|iPhone.ActiveCfg = Release|x86
		{944DA23F-05BA-4516-AD4E-68111EB24473}.AppStore|iPhone.Build.0 = Release|x86
		{944DA23F-05BA-4516-AD4E-68111EB24473}.AppStore|iPhone.Deploy.0 = Release|x86
		{944DA23F-05BA-4516-AD4E-68111EB24473}.AppStore|iPhoneSimulator.ActiveCfg = Release|x86
		{944DA23F-05BA-4516-AD4E-68111EB24473}.AppStore|iPhoneSimulator.Build.0 = Release|x86
		{944DA23F-05BA-4516-AD4E-68111EB24473}.AppStore|iPhoneSimulator.Deploy.0 = Release|x86
		{944DA23F-05BA-4516-AD4E-68111EB24473}.AppStore|x64.ActiveCfg = Release|x64
		{944DA23F-05BA-4516-AD4E-68111EB24473}.AppStore|x64.Build.0 = Release|x64
		{944DA23F-05BA-4516-AD4E-68111EB24473}.AppStore|x64.Deploy.0 = Release|x64
		{944DA23F-05BA-4516-AD4E-68111EB24473}.AppStore|x86.ActiveCfg = Release|x86
		{944DA23F-05BA-4516-AD4E-68111EB24473}.AppStore|x86.Build.0 = Release|x86
		{944DA23F-05BA-4516-AD4E-68111EB24473}.AppStore|x86.Deploy.0 = Release|x86
		{944DA23F-05BA-4516-AD4E-68111EB24473}.Debug|Any CPU.ActiveCfg = Debug|x86
		{944DA23F-05BA-4516-AD4E-68111EB24473}.Debug|ARM.ActiveCfg = Debug|ARM
		{944DA23F-05BA-4516-AD4E-68111EB24473}.Debug|ARM.Build.0 = Debug|ARM
		{944DA23F-05BA-4516-AD4E-68111EB24473}.Debug|ARM.Deploy.0 = Debug|ARM
		{944DA23F-05BA-4516-AD4E-68111EB24473}.Debug|iPhone.ActiveCfg = Debug|x86
		{944DA23F-05BA-4516-AD4E-68111EB24473}.Debug|iPhoneSimulator.ActiveCfg = Debug|x86
		{944DA23F-05BA-4516-AD4E-68111EB24473}.Debug|x64.ActiveCfg = Debug|x64
		{944DA23F-05BA-4516-AD4E-68111EB24473}.Debug|x64.Build.0 = Debug|x64
		{944DA23F-05BA-4516-AD4E-68111EB24473}.Debug|x64.Deploy.0 = Debug|x64
		{944DA23F-05BA-4516-AD4E-68111EB24473}.Debug|x86.ActiveCfg = Debug|x86
		{944DA23F-05BA-4516-AD4E-68111EB24473}.Debug|x86.Build.0 = Debug|x86
		{944DA23F-05BA-4516-AD4E-68111EB24473}.Debug|x86.Deploy.0 = Debug|x86
		{944DA23F-05BA-4516-AD4E-68111EB24473}.Release|Any CPU.ActiveCfg = Release|x86
		{944DA23F-05BA-4516-AD4E-68111EB24473}.Release|ARM.ActiveCfg = Release|ARM
		{944DA23F-05BA-4516-AD4E-68111EB24473}.Release|ARM.Build.0 = Release|ARM
		{944DA23F-05BA-4516-AD4E-68111EB24473}.Release|ARM.Deploy.0 = Release|ARM
		{944DA23F-05BA-4516-AD4E-68111EB24473}.Release|iPhone.ActiveCfg = Release|x86
		{944DA23F-05BA-4516-AD4E-68111EB24473}.Release|iPhoneSimulator.ActiveCfg = Release|x86
		{944DA23F-05BA-4516-AD4E-68111EB24473}.Release|x64.ActiveCfg = Release|x64
		{944DA23F-05BA-4516-AD4E-68111EB24473}.Release|x64.Build.0 = Release|x64
		{944DA23F-05BA-4516-AD4E-68111EB24473}.Release|x64.Deploy.0 = Release|x64
		{944DA23F-05BA-4516-AD4E-68111EB24473}.Release|x86.ActiveCfg = Release|x86
		{944DA23F-05BA-4516-AD4E-68111EB24473}.Release|x86.Build.0 = Release|x86
		{944DA23F-05BA-4516-AD4E-68111EB24473}.Release|x86.Deploy.0 = Release|x86
	EndGlobalSection
	GlobalSection(SolutionProperties) = preSolution
		HideSolutionNode = FALSE
	EndGlobalSection
EndGlobal
